
Microsoft Visual Studio Solution File, Format Version 12.00
# Visual Studio 15
VisualStudioVersion = 15.0.26124.0
MinimumVisualStudioVersion = 15.0.26124.0
Project("{FAE04EC0-301F-11D3-BF4B-00C04F79EFBC}") = "Domain", "Domain\Domain.csproj", "{4D133630-DAFF-420E-AF26-D7C389C699DB}"
EndProject
Project("{FAE04EC0-301F-11D3-BF4B-00C04F79EFBC}") = "Application", "Application\Application.csproj", "{BC42CAC7-654C-4018-8F85-1FBDF355F6B1}"
EndProject
Project("{FAE04EC0-301F-11D3-BF4B-00C04F79EFBC}") = "Persistence", "Persistence\Persistence.csproj", "{FE4D0307-B214-4F42-8415-CC27E4F1C4A6}"
EndProject
Project("{FAE04EC0-301F-11D3-BF4B-00C04F79EFBC}") = "API", "API\API.csproj", "{DBC5AEDA-CC20-4FA5-91A9-9C3522ACE27A}"
EndProject
Global
	GlobalSection(SolutionConfigurationPlatforms) = preSolution
		Debug|Any CPU = Debug|Any CPU
		Debug|x64 = Debug|x64
		Debug|x86 = Debug|x86
		Release|Any CPU = Release|Any CPU
		Release|x64 = Release|x64
		Release|x86 = Release|x86
	EndGlobalSection
	GlobalSection(SolutionProperties) = preSolution
		HideSolutionNode = FALSE
	EndGlobalSection
	GlobalSection(ProjectConfigurationPlatforms) = postSolution
		{4D133630-DAFF-420E-AF26-D7C389C699DB}.Debug|Any CPU.ActiveCfg = Debug|Any CPU
		{4D133630-DAFF-420E-AF26-D7C389C699DB}.Debug|Any CPU.Build.0 = Debug|Any CPU
		{4D133630-DAFF-420E-AF26-D7C389C699DB}.Debug|x64.ActiveCfg = Debug|Any CPU
		{4D133630-DAFF-420E-AF26-D7C389C699DB}.Debug|x64.Build.0 = Debug|Any CPU
		{4D133630-DAFF-420E-AF26-D7C389C699DB}.Debug|x86.ActiveCfg = Debug|Any CPU
		{4D133630-DAFF-420E-AF26-D7C389C699DB}.Debug|x86.Build.0 = Debug|Any CPU
		{4D133630-DAFF-420E-AF26-D7C389C699DB}.Release|Any CPU.ActiveCfg = Release|Any CPU
		{4D133630-DAFF-420E-AF26-D7C389C699DB}.Release|Any CPU.Build.0 = Release|Any CPU
		{4D133630-DAFF-420E-AF26-D7C389C699DB}.Release|x64.ActiveCfg = Release|Any CPU
		{4D133630-DAFF-420E-AF26-D7C389C699DB}.Release|x64.Build.0 = Release|Any CPU
		{4D133630-DAFF-420E-AF26-D7C389C699DB}.Release|x86.ActiveCfg = Release|Any CPU
		{4D133630-DAFF-420E-AF26-D7C389C699DB}.Release|x86.Build.0 = Release|Any CPU
		{BC42CAC7-654C-4018-8F85-1FBDF355F6B1}.Debug|Any CPU.ActiveCfg = Debug|Any CPU
		{BC42CAC7-654C-4018-8F85-1FBDF355F6B1}.Debug|Any CPU.Build.0 = Debug|Any CPU
		{BC42CAC7-654C-4018-8F85-1FBDF355F6B1}.Debug|x64.ActiveCfg = Debug|Any CPU
		{BC42CAC7-654C-4018-8F85-1FBDF355F6B1}.Debug|x64.Build.0 = Debug|Any CPU
		{BC42CAC7-654C-4018-8F85-1FBDF355F6B1}.Debug|x86.ActiveCfg = Debug|Any CPU
		{BC42CAC7-654C-4018-8F85-1FBDF355F6B1}.Debug|x86.Build.0 = Debug|Any CPU
		{BC42CAC7-654C-4018-8F85-1FBDF355F6B1}.Release|Any CPU.ActiveCfg = Release|Any CPU
		{BC42CAC7-654C-4018-8F85-1FBDF355F6B1}.Release|Any CPU.Build.0 = Release|Any CPU
		{BC42CAC7-654C-4018-8F85-1FBDF355F6B1}.Release|x64.ActiveCfg = Release|Any CPU
		{BC42CAC7-654C-4018-8F85-1FBDF355F6B1}.Release|x64.Build.0 = Release|Any CPU
		{BC42CAC7-654C-4018-8F85-1FBDF355F6B1}.Release|x86.ActiveCfg = Release|Any CPU
		{BC42CAC7-654C-4018-8F85-1FBDF355F6B1}.Release|x86.Build.0 = Release|Any CPU
		{FE4D0307-B214-4F42-8415-CC27E4F1C4A6}.Debug|Any CPU.ActiveCfg = Debug|Any CPU
		{FE4D0307-B214-4F42-8415-CC27E4F1C4A6}.Debug|Any CPU.Build.0 = Debug|Any CPU
		{FE4D0307-B214-4F42-8415-CC27E4F1C4A6}.Debug|x64.ActiveCfg = Debug|Any CPU
		{FE4D0307-B214-4F42-8415-CC27E4F1C4A6}.Debug|x64.Build.0 = Debug|Any CPU
		{FE4D0307-B214-4F42-8415-CC27E4F1C4A6}.Debug|x86.ActiveCfg = Debug|Any CPU
		{FE4D0307-B214-4F42-8415-CC27E4F1C4A6}.Debug|x86.Build.0 = Debug|Any CPU
		{FE4D0307-B214-4F42-8415-CC27E4F1C4A6}.Release|Any CPU.ActiveCfg = Release|Any CPU
		{FE4D0307-B214-4F42-8415-CC27E4F1C4A6}.Release|Any CPU.Build.0 = Release|Any CPU
		{FE4D0307-B214-4F42-8415-CC27E4F1C4A6}.Release|x64.ActiveCfg = Release|Any CPU
		{FE4D0307-B214-4F42-8415-CC27E4F1C4A6}.Release|x64.Build.0 = Release|Any CPU
		{FE4D0307-B214-4F42-8415-CC27E4F1C4A6}.Release|x86.ActiveCfg = Release|Any CPU
		{FE4D0307-B214-4F42-8415-CC27E4F1C4A6}.Release|x86.Build.0 = Release|Any CPU
		{DBC5AEDA-CC20-4FA5-91A9-9C3522ACE27A}.Debug|Any CPU.ActiveCfg = Debug|Any CPU
		{DBC5AEDA-CC20-4FA5-91A9-9C3522ACE27A}.Debug|Any CPU.Build.0 = Debug|Any CPU
		{DBC5AEDA-CC20-4FA5-91A9-9C3522ACE27A}.Debug|x64.ActiveCfg = Debug|Any CPU
		{DBC5AEDA-CC20-4FA5-91A9-9C3522ACE27A}.Debug|x64.Build.0 = Debug|Any CPU
		{DBC5AEDA-CC20-4FA5-91A9-9C3522ACE27A}.Debug|x86.ActiveCfg = Debug|Any CPU
		{DBC5AEDA-CC20-4FA5-91A9-9C3522ACE27A}.Debug|x86.Build.0 = Debug|Any CPU
		{DBC5AEDA-CC20-4FA5-91A9-9C3522ACE27A}.Release|Any CPU.ActiveCfg = Release|Any CPU
		{DBC5AEDA-CC20-4FA5-91A9-9C3522ACE27A}.Release|Any CPU.Build.0 = Release|Any CPU
		{DBC5AEDA-CC20-4FA5-91A9-9C3522ACE27A}.Release|x64.ActiveCfg = Release|Any CPU
		{DBC5AEDA-CC20-4FA5-91A9-9C3522ACE27A}.Release|x64.Build.0 = Release|Any CPU
		{DBC5AEDA-CC20-4FA5-91A9-9C3522ACE27A}.Release|x86.ActiveCfg = Release|Any CPU
		{DBC5AEDA-CC20-4FA5-91A9-9C3522ACE27A}.Release|x86.Build.0 = Release|Any CPU
	EndGlobalSection
EndGlobal
